
Microsoft Visual Studio Solution File, Format Version 12.00
# Visual Studio Version 17
VisualStudioVersion = 17.4.33205.214
MinimumVisualStudioVersion = 10.0.40219.1
Project("{FAE04EC0-301F-11D3-BF4B-00C04F79EFBC}") = "ChattyVibes", "ChattyVibes\ChattyVibes.csproj", "{73CBB7B4-83AE-412A-957B-0B86DDD73EC7}"
EndProject
Project("{FAE04EC0-301F-11D3-BF4B-00C04F79EFBC}") = "ST.Library.UI", "ST.Library.UI\ST.Library.UI.csproj", "{EFFCC270-4999-4077-A543-56CCCCE92147}"
EndProject
Project("{2150E333-8FDC-42A3-9474-1A3956D46DE8}") = "Solution Items", "Solution Items", "{F97EE7FB-36EB-41F3-AD42-BD88F57767BA}"
	ProjectSection(SolutionItems) = preProject
		.editorconfig = .editorconfig
	EndProjectSection
EndProject
Global
	GlobalSection(SolutionConfigurationPlatforms) = preSolution
		Debug|Any CPU = Debug|Any CPU
		Debug|x64 = Debug|x64
		Release|Any CPU = Release|Any CPU
		Release|x64 = Release|x64
	EndGlobalSection
	GlobalSection(ProjectConfigurationPlatforms) = postSolution
		{73CBB7B4-83AE-412A-957B-0B86DDD73EC7}.Debug|Any CPU.ActiveCfg = Debug|Any CPU
		{73CBB7B4-83AE-412A-957B-0B86DDD73EC7}.Debug|Any CPU.Build.0 = Debug|Any CPU
		{73CBB7B4-83AE-412A-957B-0B86DDD73EC7}.Debug|x64.ActiveCfg = Debug|x64
		{73CBB7B4-83AE-412A-957B-0B86DDD73EC7}.Debug|x64.Build.0 = Debug|x64
		{73CBB7B4-83AE-412A-957B-0B86DDD73EC7}.Release|Any CPU.ActiveCfg = Release|Any CPU
		{73CBB7B4-83AE-412A-957B-0B86DDD73EC7}.Release|Any CPU.Build.0 = Release|Any CPU
		{73CBB7B4-83AE-412A-957B-0B86DDD73EC7}.Release|x64.ActiveCfg = Release|x64
		{73CBB7B4-83AE-412A-957B-0B86DDD73EC7}.Release|x64.Build.0 = Release|x64
		{EFFCC270-4999-4077-A543-56CCCCE92147}.Debug|Any CPU.ActiveCfg = Debug|Any CPU
		{EFFCC270-4999-4077-A543-56CCCCE92147}.Debug|Any CPU.Build.0 = Debug|Any CPU
		{EFFCC270-4999-4077-A543-56CCCCE92147}.Debug|x64.ActiveCfg = Debug|Any CPU
		{EFFCC270-4999-4077-A543-56CCCCE92147}.Debug|x64.Build.0 = Debug|Any CPU
		{EFFCC270-4999-4077-A543-56CCCCE92147}.Release|Any CPU.ActiveCfg = Release|Any CPU
		{EFFCC270-4999-4077-A543-56CCCCE92147}.Release|Any CPU.Build.0 = Release|Any CPU
		{EFFCC270-4999-4077-A543-56CCCCE92147}.Release|x64.ActiveCfg = Release|Any CPU
		{EFFCC270-4999-4077-A543-56CCCCE92147}.Release|x64.Build.0 = Release|Any CPU
	EndGlobalSection
	GlobalSection(SolutionProperties) = preSolution
		HideSolutionNode = FALSE
	EndGlobalSection
	GlobalSection(ExtensibilityGlobals) = postSolution
		SolutionGuid = {5DF2FB46-83E6-48F3-A6AD-1903B8347DEB}
	EndGlobalSection
EndGlobal
